{
  "name": "@patrizzos/stylespeak",
  "version": "0.1.0",
  "lockfileVersion": 3,
  "requires": true,
  "packages": {
    "": {
      "name": "@patrizzos/stylespeak",
      "version": "0.1.0",
      "license": "MIT",
      "bin": {
        "stylespeak": "src/server.js"
      },
      "engines": {
        "node": ">=18"
      }
    }
  }
}
